Microsoft Visual Studio Solution File, Format Version 12.00
# Visual Studio Version 17
VisualStudioVersion = 17.5.2.0
MinimumVisualStudioVersion = 10.0.40219.1
Project("{FAE04EC0-301F-11D3-BF4B-00C04F79EFBC}") = "SofiaJournal2025", "SofiaJournal2025.Backend\SofiaJournal2025.csproj", "{72142281-E6CA-2098-EB56-E42E7F0A510F}"
EndProject
Global
	GlobalSection(SolutionConfigurationPlatforms) = preSolution
		Debug|Any CPU = Debug|Any CPU
		Release|Any CPU = Release|Any CPU
	EndGlobalSection
	GlobalSection(ProjectConfigurationPlatforms) = postSolution
		{72142281-E6CA-2098-EB56-E42E7F0A510F}.Debug|Any CPU.ActiveCfg = Debug|Any CPU
		{72142281-E6CA-2098-EB56-E42E7F0A510F}.Debug|Any CPU.Build.0 = Debug|Any CPU
		{72142281-E6CA-2098-EB56-E42E7F0A510F}.Release|Any CPU.ActiveCfg = Release|Any CPU
		{72142281-E6CA-2098-EB56-E42E7F0A510F}.Release|Any CPU.Build.0 = Release|Any CPU
	EndGlobalSection
	GlobalSection(SolutionProperties) = preSolution
		HideSolutionNode = FALSE
	EndGlobalSection
	GlobalSection(ExtensibilityGlobals) = postSolution
		SolutionGuid = {291FBC3C-0C72-4FD4-B9C3-CC106AE31D5D}
	EndGlobalSection
EndGlobal
